Microsoft Visual Studio Solution File, Format Version 12.00
# Visual Studio Version 17
VisualStudioVersion = 17.5.2.0
MinimumVisualStudioVersion = 10.0.40219.1
Project("{FAE04EC0-301F-11D3-BF4B-00C04F79EFBC}") = "FakeStoreIngestor", "FakeStoreIngestor\FakeStoreIngestor.csproj", "{3387A9C2-F765-19F5-ABEE-9DEBB0B5F7BC}"
EndProject
Global
	GlobalSection(SolutionConfigurationPlatforms) = preSolution
		Debug|Any CPU = Debug|Any CPU
		Release|Any CPU = Release|Any CPU
	EndGlobalSection
	GlobalSection(ProjectConfigurationPlatforms) = postSolution
		{3387A9C2-F765-19F5-ABEE-9DEBB0B5F7BC}.Debug|Any CPU.ActiveCfg = Debug|Any CPU
		{3387A9C2-F765-19F5-ABEE-9DEBB0B5F7BC}.Debug|Any CPU.Build.0 = Debug|Any CPU
		{3387A9C2-F765-19F5-ABEE-9DEBB0B5F7BC}.Release|Any CPU.ActiveCfg = Release|Any CPU
		{3387A9C2-F765-19F5-ABEE-9DEBB0B5F7BC}.Release|Any CPU.Build.0 = Release|Any CPU
	EndGlobalSection
	GlobalSection(SolutionProperties) = preSolution
		HideSolutionNode = FALSE
	EndGlobalSection
	GlobalSection(ExtensibilityGlobals) = postSolution
		SolutionGuid = {75D326EF-EFF5-4633-BDE7-6E8B0FD4168A}
	EndGlobalSection
EndGlobal
